// !$*UTF8*$!
{
	archiveVersion = 1;
	classes = {
	};
	objectVersion = 46;
	objects = {

/* Begin PBXBuildFile section */
		94C3730D19CE324A00D8D516 /* Foundation.framework in Frameworks */ = {isa = PBXBuildFile; fileRef = 94C3730C19CE324A00D8D516 /* Foundation.framework */; };
		94C3730F19CE324A00D8D516 /* CoreGraphics.framework in Frameworks */ = {isa = PBXBuildFile; fileRef = 94C3730E19CE324A00D8D516 /* CoreGraphics.framework */; };
		94C3731119CE324A00D8D516 /* UIKit.framework in Frameworks */ = {isa = PBXBuildFile; fileRef = 94C3731019CE324A00D8D516 /* UIKit.framework */; };
		94C3731319CE324A00D8D516 /* CoreData.framework in Frameworks */ = {isa = PBXBuildFile; fileRef = 94C3731219CE324A00D8D516 /* CoreData.framework */; };
		94C3731919CE324A00D8D516 /* InfoPlist.strings in Resources */ = {isa = PBXBuildFile; fileRef = 94C3731719CE324A00D8D516 /* InfoPlist.strings */; };
		94C3731B19CE324A00D8D516 /* main.m in Sources */ = {isa = PBXBuildFile; fileRef = 94C3731A19CE324A00D8D516 /* main.m */; };
		94C3731F19CE324A00D8D516 /* EaClientAppDelegate.m in Sources */ = {isa = PBXBuildFile; fileRef = 94C3731E19CE324A00D8D516 /* EaClientAppDelegate.m */; };
		94C3732219CE324A00D8D516 /* EAClient.xcdatamodeld in Sources */ = {isa = PBXBuildFile; fileRef = 94C3732019CE324A00D8D516 /* EAClient.xcdatamodeld */; };
		94C3732419CE324A00D8D516 /* Images.xcassets in Resources */ = {isa = PBXBuildFile; fileRef = 94C3732319CE324A00D8D516 /* Images.xcassets */; };
		94C3732B19CE324A00D8D516 /* XCTest.framework in Frameworks */ = {isa = PBXBuildFile; fileRef = 94C3732A19CE324A00D8D516 /* XCTest.framework */; };
		94C3732C19CE324A00D8D516 /* Foundation.framework in Frameworks */ = {isa = PBXBuildFile; fileRef = 94C3730C19CE324A00D8D516 /* Foundation.framework */; };
		94C3732D19CE324A00D8D516 /* UIKit.framework in Frameworks */ = {isa = PBXBuildFile; fileRef = 94C3731019CE324A00D8D516 /* UIKit.framework */; };
		94C3732E19CE324A00D8D516 /* CoreData.framework in Frameworks */ = {isa = PBXBuildFile; fileRef = 94C3731219CE324A00D8D516 /* CoreData.framework */; };
		94C3733619CE324A00D8D516 /* InfoPlist.strings in Resources */ = {isa = PBXBuildFile; fileRef = 94C3733419CE324A00D8D516 /* InfoPlist.strings */; };
		94C3733819CE324A00D8D516 /* EAClientTests.m in Sources */ = {isa = PBXBuildFile; fileRef = 94C3733719CE324A00D8D516 /* EAClientTests.m */; };
		94C3734419CE334300D8D516 /* EAClient.storyboard in Resources */ = {isa = PBXBuildFile; fileRef = 94C3734319CE334300D8D516 /* EAClient.storyboard */; };
		94C3734719CE368100D8D516 /* RegisterUserViewController.m in Sources */ = {isa = PBXBuildFile; fileRef = 94C3734619CE368100D8D516 /* RegisterUserViewController.m */; };
		94C3734A19CE3E5700D8D516 /* LoginViewController.m in Sources */ = {isa = PBXBuildFile; fileRef = 94C3734919CE3E5700D8D516 /* LoginViewController.m */; };
		94C3735119CEB5BF00D8D516 /* eaLogo.png in Resources */ = {isa = PBXBuildFile; fileRef = 94C3734C19CEB5BF00D8D516 /* eaLogo.png */; };
		94C3735219CEB5BF00D8D516 /* eaLogo1.png in Resources */ = {isa = PBXBuildFile; fileRef = 94C3734D19CEB5BF00D8D516 /* eaLogo1.png */; };
		94C3735319CEB5BF00D8D516 /* eaSplash.png in Resources */ = {isa = PBXBuildFile; fileRef = 94C3734E19CEB5BF00D8D516 /* eaSplash.png */; };
		94C3735819CEB9FC00D8D516 /* eaSplash960.png in Resources */ = {isa = PBXBuildFile; fileRef = 94C3735619CEB9FC00D8D516 /* eaSplash960.png */; };
		94C3735919CEB9FC00D8D516 /* eaSplash1136.png in Resources */ = {isa = PBXBuildFile; fileRef = 94C3735719CEB9FC00D8D516 /* eaSplash1136.png */; };
		D011F30D1A1AF7F10002B013 /* Location.m in Sources */ = {isa = PBXBuildFile; fileRef = D011F30C1A1AF7F10002B013 /* Location.m */; };
		D011F30F1A1AFA6D0002B013 /* CoreLocation.framework in Frameworks */ = {isa = PBXBuildFile; fileRef = D011F30E1A1AFA6D0002B013 /* CoreLocation.framework */; };
/* End PBXBuildFile section */

/* Begin PBXContainerItemProxy section */
		94C3732F19CE324A00D8D516 /* PBXContainerItemProxy */ = {
			isa = PBXContainerItemProxy;
			containerPortal = 94C3730119CE324A00D8D516 /* Project object */;
			proxyType = 1;
			remoteGlobalIDString = 94C3730819CE324A00D8D516;
			remoteInfo = EAClient;
		};
/* End PBXContainerItemProxy section */

/* Begin PBXFileReference section */
		94C3730919CE324A00D8D516 /* EAClient.app */ = {isa = PBXFileReference; explicitFileType = wrapper.application; includeInIndex = 0; path = EAClient.app; sourceTree = BUILT_PRODUCTS_DIR; };
		94C3730C19CE324A00D8D516 /* Foundation.framework */ = {isa = PBXFileReference; lastKnownFileType = wrapper.framework; name = Foundation.framework; path = System/Library/Frameworks/Foundation.framework; sourceTree = SDKROOT; };
		94C3730E19CE324A00D8D516 /* CoreGraphics.framework */ = {isa = PBXFileReference; lastKnownFileType = wrapper.framework; name = CoreGraphics.framework; path = System/Library/Frameworks/CoreGraphics.framework; sourceTree = SDKROOT; };
		94C3731019CE324A00D8D516 /* UIKit.framework */ = {isa = PBXFileReference; lastKnownFileType = wrapper.framework; name = UIKit.framework; path = System/Library/Frameworks/UIKit.framework; sourceTree = SDKROOT; };
		94C3731219CE324A00D8D516 /* CoreData.framework */ = {isa = PBXFileReference; lastKnownFileType = wrapper.framework; name = CoreData.framework; path = System/Library/Frameworks/CoreData.framework; sourceTree = SDKROOT; };
		94C3731619CE324A00D8D516 /* EAClient-Info.plist */ = {isa = PBXFileReference; lastKnownFileType = text.plist.xml; path = "EAClient-Info.plist"; sourceTree = "<group>"; };
		94C3731819CE324A00D8D516 /* en */ = {isa = PBXFileReference; lastKnownFileType = text.plist.strings; name = en; path = en.lproj/InfoPlist.strings; sourceTree = "<group>"; };
		94C3731A19CE324A00D8D516 /* main.m */ = {isa = PBXFileReference; lastKnownFileType = sourcecode.c.objc; path = main.m; sourceTree = "<group>"; };
		94C3731C19CE324A00D8D516 /* EAClient-Prefix.pch */ = {isa = PBXFileReference; lastKnownFileType = sourcecode.c.h; path = "EAClient-Prefix.pch"; sourceTree = "<group>"; };
		94C3731D19CE324A00D8D516 /* EaClientAppDelegate.h */ = {isa = PBXFileReference; lastKnownFileType = sourcecode.c.h; path = EaClientAppDelegate.h; sourceTree = "<group>"; };
		94C3731E19CE324A00D8D516 /* EaClientAppDelegate.m */ = {isa = PBXFileReference; lastKnownFileType = sourcecode.c.objc; path = EaClientAppDelegate.m; sourceTree = "<group>"; };
		94C3732119CE324A00D8D516 /* EAClient.xcdatamodel */ = {isa = PBXFileReference; lastKnownFileType = wrapper.xcdatamodel; path = EAClient.xcdatamodel; sourceTree = "<group>"; };
		94C3732319CE324A00D8D516 /* Images.xcassets */ = {isa = PBXFileReference; lastKnownFileType = folder.assetcatalog; path = Images.xcassets; sourceTree = "<group>"; };
		94C3732919CE324A00D8D516 /* EAClientTests.xctest */ = {isa = PBXFileReference; explicitFileType = wrapper.cfbundle; includeInIndex = 0; path = EAClientTests.xctest; sourceTree = BUILT_PRODUCTS_DIR; };
		94C3732A19CE324A00D8D516 /* XCTest.framework */ = {isa = PBXFileReference; lastKnownFileType = wrapper.framework; name = XCTest.framework; path = Library/Frameworks/XCTest.framework; sourceTree = DEVELOPER_DIR; };
		94C3733319CE324A00D8D516 /* EAClientTests-Info.plist */ = {isa = PBXFileReference; lastKnownFileType = text.plist.xml; path = "EAClientTests-Info.plist"; sourceTree = "<group>"; };
		94C3733519CE324A00D8D516 /* en */ = {isa = PBXFileReference; lastKnownFileType = text.plist.strings; name = en; path = en.lproj/InfoPlist.strings; sourceTree = "<group>"; };
		94C3733719CE324A00D8D516 /* EAClientTests.m */ = {isa = PBXFileReference; lastKnownFileType = sourcecode.c.objc; path = EAClientTests.m; sourceTree = "<group>"; };
		94C3734319CE334300D8D516 /* EAClient.storyboard */ = {isa = PBXFileReference; fileEncoding = 4; lastKnownFileType = file.storyboard; path = EAClient.storyboard; sourceTree = "<group>"; };
		94C3734519CE368100D8D516 /* RegisterUserViewController.h */ = {isa = PBXFileReference; fileEncoding = 4; lastKnownFileType = sourcecode.c.h; path = RegisterUserViewController.h; sourceTree = "<group>"; };
		94C3734619CE368100D8D516 /* RegisterUserViewController.m */ = {isa = PBXFileReference; fileEncoding = 4; lastKnownFileType = sourcecode.c.objc; path = RegisterUserViewController.m; sourceTree = "<group>"; };
		94C3734819CE3E5700D8D516 /* LoginViewController.h */ = {isa = PBXFileReference; fileEncoding = 4; lastKnownFileType = sourcecode.c.h; path = LoginViewController.h; sourceTree = "<group>"; };
		94C3734919CE3E5700D8D516 /* LoginViewController.m */ = {isa = PBXFileReference; fileEncoding = 4; lastKnownFileType = sourcecode.c.objc; path = LoginViewController.m; sourceTree = "<group>"; };
		94C3734C19CEB5BF00D8D516 /* eaLogo.png */ = {isa = PBXFileReference; lastKnownFileType = image.png; path = eaLogo.png; sourceTree = "<group>"; };
		94C3734D19CEB5BF00D8D516 /* eaLogo1.png */ = {isa = PBXFileReference; lastKnownFileType = image.png; path = eaLogo1.png; sourceTree = "<group>"; };
		94C3734E19CEB5BF00D8D516 /* eaSplash.png */ = {isa = PBXFileReference; lastKnownFileType = image.png; path = eaSplash.png; sourceTree = "<group>"; };
		94C3735619CEB9FC00D8D516 /* eaSplash960.png */ = {isa = PBXFileReference; lastKnownFileType = image.png; path = eaSplash960.png; sourceTree = "<group>"; };
		94C3735719CEB9FC00D8D516 /* eaSplash1136.png */ = {isa = PBXFileReference; lastKnownFileType = image.png; path = eaSplash1136.png; sourceTree = "<group>"; };
		D011F30B1A1AF7F10002B013 /* Location.h */ = {isa = PBXFileReference; fileEncoding = 4; lastKnownFileType = sourcecode.c.h; path = Location.h; sourceTree = "<group>"; };
		D011F30C1A1AF7F10002B013 /* Location.m */ = {isa = PBXFileReference; fileEncoding = 4; lastKnownFileType = sourcecode.c.objc; path = Location.m; sourceTree = "<group>"; };
		D011F30E1A1AFA6D0002B013 /* CoreLocation.framework */ = {isa = PBXFileReference; lastKnownFileType = wrapper.framework; name = CoreLocation.framework; path = System/Library/Frameworks/CoreLocation.framework; sourceTree = SDKROOT; };
/* End PBXFileReference section */

/* Begin PBXFrameworksBuildPhase section */
		94C3730619CE324A00D8D516 /* Frameworks */ = {
			isa = PBXFrameworksBuildPhase;
			buildActionMask = 2147483647;
			files = (
				D011F30F1A1AFA6D0002B013 /* CoreLocation.framework in Frameworks */,
				94C3730F19CE324A00D8D516 /* CoreGraphics.framework in Frameworks */,
				94C3731319CE324A00D8D516 /* CoreData.framework in Frameworks */,
				94C3731119CE324A00D8D516 /* UIKit.framework in Frameworks */,
				94C3730D19CE324A00D8D516 /* Foundation.framework in Frameworks */,
			);
			runOnlyForDeploymentPostprocessing = 0;
		};
		94C3732619CE324A00D8D516 /* Frameworks */ = {
			isa = PBXFrameworksBuildPhase;
			buildActionMask = 2147483647;
			files = (
				94C3732B19CE324A00D8D516 /* XCTest.framework in Frameworks */,
				94C3732E19CE324A00D8D516 /* CoreData.framework in Frameworks */,
				94C3732D19CE324A00D8D516 /* UIKit.framework in Frameworks */,
				94C3732C19CE324A00D8D516 /* Foundation.framework in Frameworks */,
			);
			runOnlyForDeploymentPostprocessing = 0;
		};
/* End PBXFrameworksBuildPhase section */

/* Begin PBXGroup section */
		94C3730019CE324900D8D516 = {
			isa = PBXGroup;
			children = (
				94C3734319CE334300D8D516 /* EAClient.storyboard */,
				94C3731419CE324A00D8D516 /* EAClient */,
				94C3733119CE324A00D8D516 /* EAClientTests */,
				94C3730B19CE324A00D8D516 /* Frameworks */,
				94C3730A19CE324A00D8D516 /* Products */,
			);
			sourceTree = "<group>";
		};
		94C3730A19CE324A00D8D516 /* Products */ = {
			isa = PBXGroup;
			children = (
				94C3730919CE324A00D8D516 /* EAClient.app */,
				94C3732919CE324A00D8D516 /* EAClientTests.xctest */,
			);
			name = Products;
			sourceTree = "<group>";
		};
		94C3730B19CE324A00D8D516 /* Frameworks */ = {
			isa = PBXGroup;
			children = (
				D011F30E1A1AFA6D0002B013 /* CoreLocation.framework */,
				94C3730C19CE324A00D8D516 /* Foundation.framework */,
				94C3730E19CE324A00D8D516 /* CoreGraphics.framework */,
				94C3731019CE324A00D8D516 /* UIKit.framework */,
				94C3731219CE324A00D8D516 /* CoreData.framework */,
				94C3732A19CE324A00D8D516 /* XCTest.framework */,
			);
			name = Frameworks;
			sourceTree = "<group>";
		};
		94C3731419CE324A00D8D516 /* EAClient */ = {
			isa = PBXGroup;
			children = (
				94C3734B19CEB5BF00D8D516 /* Images */,
				94C3731D19CE324A00D8D516 /* EaClientAppDelegate.h */,
				94C3731E19CE324A00D8D516 /* EaClientAppDelegate.m */,
				94C3732319CE324A00D8D516 /* Images.xcassets */,
				94C3732019CE324A00D8D516 /* EAClient.xcdatamodeld */,
				94C3734519CE368100D8D516 /* RegisterUserViewController.h */,
				94C3734619CE368100D8D516 /* RegisterUserViewController.m */,
				94C3734819CE3E5700D8D516 /* LoginViewController.h */,
				94C3734919CE3E5700D8D516 /* LoginViewController.m */,
				D011F30B1A1AF7F10002B013 /* Location.h */,
				D011F30C1A1AF7F10002B013 /* Location.m */,
				94C3731519CE324A00D8D516 /* Supporting Files */,
			);
			path = EAClient;
			sourceTree = "<group>";
		};
		94C3731519CE324A00D8D516 /* Supporting Files */ = {
			isa = PBXGroup;
			children = (
				94C3731619CE324A00D8D516 /* EAClient-Info.plist */,
				94C3731719CE324A00D8D516 /* InfoPlist.strings */,
				94C3731A19CE324A00D8D516 /* main.m */,
				94C3731C19CE324A00D8D516 /* EAClient-Prefix.pch */,
			);
			name = "Supporting Files";
			sourceTree = "<group>";
		};
		94C3733119CE324A00D8D516 /* EAClientTests */ = {
			isa = PBXGroup;
			children = (
				94C3733719CE324A00D8D516 /* EAClientTests.m */,
				94C3733219CE324A00D8D516 /* Supporting Files */,
			);
			path = EAClientTests;
			sourceTree = "<group>";
		};
		94C3733219CE324A00D8D516 /* Supporting Files */ = {
			isa = PBXGroup;
			children = (
				94C3733319CE324A00D8D516 /* EAClientTests-Info.plist */,
				94C3733419CE324A00D8D516 /* InfoPlist.strings */,
			);
			name = "Supporting Files";
			sourceTree = "<group>";
		};
		94C3734B19CEB5BF00D8D516 /* Images */ = {
			isa = PBXGroup;
			children = (
				94C3735619CEB9FC00D8D516 /* eaSplash960.png */,
				94C3735719CEB9FC00D8D516 /* eaSplash1136.png */,
				94C3734C19CEB5BF00D8D516 /* eaLogo.png */,
				94C3734D19CEB5BF00D8D516 /* eaLogo1.png */,
				94C3734E19CEB5BF00D8D516 /* eaSplash.png */,
			);
			name = Images;
			path = images;
			sourceTree = "<group>";
		};
/* End PBXGroup section */

/* Begin PBXNativeTarget section */
		94C3730819CE324A00D8D516 /* EAClient */ = {
			isa = PBXNativeTarget;
			buildConfigurationList = 94C3733B19CE324A00D8D516 /* Build configuration list for PBXNativeTarget "EAClient" */;
			buildPhases = (
				94C3730519CE324A00D8D516 /* Sources */,
				94C3730619CE324A00D8D516 /* Frameworks */,
				94C3730719CE324A00D8D516 /* Resources */,
			);
			buildRules = (
			);
			dependencies = (
			);
			name = EAClient;
			productName = EAClient;
			productReference = 94C3730919CE324A00D8D516 /* EAClient.app */;
			productType = "com.apple.product-type.application";
		};
		94C3732819CE324A00D8D516 /* EAClientTests */ = {
			isa = PBXNativeTarget;
			buildConfigurationList = 94C3733E19CE324A00D8D516 /* Build configuration list for PBXNativeTarget "EAClientTests" */;
			buildPhases = (
				94C3732519CE324A00D8D516 /* Sources */,
				94C3732619CE324A00D8D516 /* Frameworks */,
				94C3732719CE324A00D8D516 /* Resources */,
			);
			buildRules = (
			);
			dependencies = (
				94C3733019CE324A00D8D516 /* PBXTargetDependency */,
			);
			name = EAClientTests;
			productName = EAClientTests;
			productReference = 94C3732919CE324A00D8D516 /* EAClientTests.xctest */;
			productType = "com.apple.product-type.bundle.unit-test";
		};
/* End PBXNativeTarget section */

/* Begin PBXProject section */
		94C3730119CE324A00D8D516 /* Project object */ = {
			isa = PBXProject;
			attributes = {
				CLASSPREFIX = EaClient;
				LastUpgradeCheck = 0510;
				ORGANIZATIONNAME = YahKub;
				TargetAttributes = {
					94C3732819CE324A00D8D516 = {
						TestTargetID = 94C3730819CE324A00D8D516;
					};
				};
			};
			buildConfigurationList = 94C3730419CE324A00D8D516 /* Build configuration list for PBXProject "EAClient" */;
			compatibilityVersion = "Xcode 3.2";
			developmentRegion = English;
			hasScannedForEncodings = 0;
			knownRegions = (
				en,
			);
			mainGroup = 94C3730019CE324900D8D516;
			productRefGroup = 94C3730A19CE324A00D8D516 /* Products */;
			projectDirPath = "";
			projectRoot = "";
			targets = (
				94C3730819CE324A00D8D516 /* EAClient */,
				94C3732819CE324A00D8D516 /* EAClientTests */,
			);
		};
/* End PBXProject section */

/* Begin PBXResourcesBuildPhase section */
		94C3730719CE324A00D8D516 /* Resources */ = {
			isa = PBXResourcesBuildPhase;
			buildActionMask = 2147483647;
			files = (
				94C3735119CEB5BF00D8D516 /* eaLogo.png in Resources */,
				94C3731919CE324A00D8D516 /* InfoPlist.strings in Resources */,
				94C3735819CEB9FC00D8D516 /* eaSplash960.png in Resources */,
				94C3732419CE324A00D8D516 /* Images.xcassets in Resources */,
				94C3735219CEB5BF00D8D516 /* eaLogo1.png in Resources */,
				94C3735319CEB5BF00D8D516 /* eaSplash.png in Resources */,
				94C3734419CE334300D8D516 /* EAClient.storyboard in Resources */,
				94C3735919CEB9FC00D8D516 /* eaSplash1136.png in Resources */,
			);
			runOnlyForDeploymentPostprocessing = 0;
		};
		94C3732719CE324A00D8D516 /* Resources */ = {
			isa = PBXResourcesBuildPhase;
			buildActionMask = 2147483647;
			files = (
				94C3733619CE324A00D8D516 /* InfoPlist.strings in Resources */,
			);
			runOnlyForDeploymentPostprocessing = 0;
		};
/* End PBXResourcesBuildPhase section */

/* Begin PBXSourcesBuildPhase section */
		94C3730519CE324A00D8D516 /* Sources */ = {
			isa = PBXSourcesBuildPhase;
			buildActionMask = 2147483647;
			files = (
				D011F30D1A1AF7F10002B013 /* Location.m in Sources */,
				94C3732219CE324A00D8D516 /* EAClient.xcdatamodeld in Sources */,
				94C3731B19CE324A00D8D516 /* main.m in Sources */,
				94C3734719CE368100D8D516 /* RegisterUserViewController.m in Sources */,
				94C3731F19CE324A00D8D516 /* EaClientAppDelegate.m in Sources */,
				94C3734A19CE3E5700D8D516 /* LoginViewController.m in Sources */,
			);
			runOnlyForDeploymentPostprocessing = 0;
		};
		94C3732519CE324A00D8D516 /* Sources */ = {
			isa = PBXSourcesBuildPhase;
			buildActionMask = 2147483647;
			files = (
				94C3733819CE324A00D8D516 /* EAClientTests.m in Sources */,
			);
			runOnlyForDeploymentPostprocessing = 0;
		};
/* End PBXSourcesBuildPhase section */

/* Begin PBXTargetDependency section */
		94C3733019CE324A00D8D516 /* PBXTargetDependency */ = {
			isa = PBXTargetDependency;
			target = 94C3730819CE324A00D8D516 /* EAClient */;
			targetProxy = 94C3732F19CE324A00D8D516 /* PBXContainerItemProxy */;
		};
/* End PBXTargetDependency section */

/* Begin PBXVariantGroup section */
		94C3731719CE324A00D8D516 /* InfoPlist.strings */ = {
			isa = PBXVariantGroup;
			children = (
				94C3731819CE324A00D8D516 /* en */,
			);
			name = InfoPlist.strings;
			sourceTree = "<group>";
		};
		94C3733419CE324A00D8D516 /* InfoPlist.strings */ = {
			isa = PBXVariantGroup;
			children = (
				94C3733519CE324A00D8D516 /* en */,
			);
			name = InfoPlist.strings;
			sourceTree = "<group>";
		};
/* End PBXVariantGroup section */

/* Begin XCBuildConfiguration section */
		94C3733919CE324A00D8D516 /* Debug */ = {
			isa = XCBuildConfiguration;
			buildSettings = {
				ALWAYS_SEARCH_USER_PATHS = NO;
				CLANG_CXX_LANGUAGE_STANDARD = "gnu++0x";
				CLANG_CXX_LIBRARY = "libc++";
				CLANG_ENABLE_MODULES = YES;
				CLANG_ENABLE_OBJC_ARC = YES;
				CLANG_WARN_BOOL_CONVERSION = YES;
				CLANG_WARN_CONSTANT_CONVERSION = YES;
				CLANG_WARN_DIRECT_OBJC_ISA_USAGE = YES_ERROR;
				CLANG_WARN_EMPTY_BODY = YES;
				CLANG_WARN_ENUM_CONVERSION = YES;
				CLANG_WARN_INT_CONVERSION = YES;
				CLANG_WARN_OBJC_ROOT_CLASS = YES_ERROR;
				CLANG_WARN__DUPLICATE_METHOD_MATCH = YES;
				"CODE_SIGN_IDENTITY[sdk=iphoneos*]" = "iPhone Developer";
				COPY_PHASE_STRIP = NO;
				GCC_C_LANGUAGE_STANDARD = gnu99;
				GCC_DYNAMIC_NO_PIC = NO;
				GCC_OPTIMIZATION_LEVEL = 0;
				GCC_PREPROCESSOR_DEFINITIONS = (
					"DEBUG=1",
					"$(inherited)",
				);
				GCC_SYMBOLS_PRIVATE_EXTERN = NO;
				GCC_WARN_64_TO_32_BIT_CONVERSION = YES;
				GCC_WARN_ABOUT_RETURN_TYPE = YES_ERROR;
				GCC_WARN_UNDECLARED_SELECTOR = YES;
				GCC_WARN_UNINITIALIZED_AUTOS = YES_AGGRESSIVE;
				GCC_WARN_UNUSED_FUNCTION = YES;
				GCC_WARN_UNUSED_VARIABLE = YES;
				IPHONEOS_DEPLOYMENT_TARGET = 7.1;
				ONLY_ACTIVE_ARCH = YES;
				SDKROOT = iphoneos;
			};
			name = Debug;
		};
		94C3733A19CE324A00D8D516 /* Release */ = {
			isa = XCBuildConfiguration;
			buildSettings = {
				ALWAYS_SEARCH_USER_PATHS = NO;
				CLANG_CXX_LANGUAGE_STANDARD = "gnu++0x";
				CLANG_CXX_LIBRARY = "libc++";
				CLANG_ENABLE_MODULES = YES;
				CLANG_ENABLE_OBJC_ARC = YES;
				CLANG_WARN_BOOL_CONVERSION = YES;
				CLANG_WARN_CONSTANT_CONVERSION = YES;
				CLANG_WARN_DIRECT_OBJC_ISA_USAGE = YES_ERROR;
				CLANG_WARN_EMPTY_BODY = YES;
				CLANG_WARN_ENUM_CONVERSION = YES;
				CLANG_WARN_INT_CONVERSION = YES;
				CLANG_WARN_OBJC_ROOT_CLASS = YES_ERROR;
				CLANG_WARN__DUPLICATE_METHOD_MATCH = YES;
				"CODE_SIGN_IDENTITY[sdk=iphoneos*]" = "iPhone Developer";
				COPY_PHASE_STRIP = YES;
				ENABLE_NS_ASSERTIONS = NO;
				GCC_C_LANGUAGE_STANDARD = gnu99;
				GCC_WARN_64_TO_32_BIT_CONVERSION = YES;
				GCC_WARN_ABOUT_RETURN_TYPE = YES_ERROR;
				GCC_WARN_UNDECLARED_SELECTOR = YES;
				GCC_WARN_UNINITIALIZED_AUTOS = YES_AGGRESSIVE;
				GCC_WARN_UNUSED_FUNCTION = YES;
				GCC_WARN_UNUSED_VARIABLE = YES;
				IPHONEOS_DEPLOYMENT_TARGET = 7.1;
				SDKROOT = iphoneos;
				VALIDATE_PRODUCT = YES;
			};
			name = Release;
		};
		94C3733C19CE324A00D8D516 /* Debug */ = {
			isa = XCBuildConfiguration;
			buildSettings = {
				ASSETCATALOG_COMPILER_APPICON_NAME = AppIcon;
				ASSETCATALOG_COMPILER_LAUNCHIMAGE_NAME = LaunchImage;
				GCC_PRECOMPILE_PREFIX_HEADER = YES;
				GCC_PREFIX_HEADER = "EAClient/EAClient-Prefix.pch";
				INFOPLIST_FILE = "EAClient/EAClient-Info.plist";
				PRODUCT_NAME = "$(TARGET_NAME)";
				WRAPPER_EXTENSION = app;
			};
			name = Debug;
		};
		94C3733D19CE324A00D8D516 /* Release */ = {
			isa = XCBuildConfiguration;
			buildSettings = {
				ASSETCATALOG_COMPILER_APPICON_NAME = AppIcon;
				ASSETCATALOG_COMPILER_LAUNCHIMAGE_NAME = LaunchImage;
				GCC_PRECOMPILE_PREFIX_HEADER = YES;
				GCC_PREFIX_HEADER = "EAClient/EAClient-Prefix.pch";
				INFOPLIST_FILE = "EAClient/EAClient-Info.plist";
				PRODUCT_NAME = "$(TARGET_NAME)";
				WRAPPER_EXTENSION = app;
			};
			name = Release;
		};
		94C3733F19CE324A00D8D516 /* Debug */ = {
			isa = XCBuildConfiguration;
			buildSettings = {
				BUNDLE_LOADER = "$(BUILT_PRODUCTS_DIR)/EAClient.app/EAClient";
				FRAMEWORK_SEARCH_PATHS = (
					"$(SDKROOT)/Developer/Library/Frameworks",
					"$(inherited)",
					"$(DEVELOPER_FRAMEWORKS_DIR)",
				);
				GCC_PRECOMPILE_PREFIX_HEADER = YES;
				GCC_PREFIX_HEADER = "EAClient/EAClient-Prefix.pch";
				GCC_PREPROCESSOR_DEFINITIONS = (
					"DEBUG=1",
					"$(inherited)",
				);
				INFOPLIST_FILE = "EAClientTests/EAClientTests-Info.plist";
				PRODUCT_NAME = "$(TARGET_NAME)";
				TEST_HOST = "$(BUNDLE_LOADER)";
				WRAPPER_EXTENSION = xctest;
			};
			name = Debug;
		};
		94C3734019CE324A00D8D516 /* Release */ = {
			isa = XCBuildConfiguration;
			buildSettings = {
				BUNDLE_LOADER = "$(BUILT_PRODUCTS_DIR)/EAClient.app/EAClient";
				FRAMEWORK_SEARCH_PATHS = (
					"$(SDKROOT)/Developer/Library/Frameworks",
					"$(inherited)",
					"$(DEVELOPER_FRAMEWORKS_DIR)",
				);
				GCC_PRECOMPILE_PREFIX_HEADER = YES;
				GCC_PREFIX_HEADER = "EAClient/EAClient-Prefix.pch";
				INFOPLIST_FILE = "EAClientTests/EAClientTests-Info.plist";
				PRODUCT_NAME = "$(TARGET_NAME)";
				TEST_HOST = "$(BUNDLE_LOADER)";
				WRAPPER_EXTENSION = xctest;
			};
			name = Release;
		};
/* End XCBuildConfiguration section */

/* Begin XCConfigurationList section */
		94C3730419CE324A00D8D516 /* Build configuration list for PBXProject "EAClient" */ = {
			isa = XCConfigurationList;
			buildConfigurations = (
				94C3733919CE324A00D8D516 /* Debug */,
				94C3733A19CE324A00D8D516 /* Release */,
			);
			defaultConfigurationIsVisible = 0;
			defaultConfigurationName = Release;
		};
		94C3733B19CE324A00D8D516 /* Build configuration list for PBXNativeTarget "EAClient" */ = {
			isa = XCConfigurationList;
			buildConfigurations = (
				94C3733C19CE324A00D8D516 /* Debug */,
				94C3733D19CE324A00D8D516 /* Release */,
			);
			defaultConfigurationIsVisible = 0;
			defaultConfigurationName = Release;
		};
		94C3733E19CE324A00D8D516 /* Build configuration list for PBXNativeTarget "EAClientTests" */ = {
			isa = XCConfigurationList;
			buildConfigurations = (
				94C3733F19CE324A00D8D516 /* Debug */,
				94C3734019CE324A00D8D516 /* Release */,
			);
			defaultConfigurationIsVisible = 0;
			defaultConfigurationName = Release;
		};
/* End XCConfigurationList section */

/* Begin XCVersionGroup section */
		94C3732019CE324A00D8D516 /* EAClient.xcdatamodeld */ = {
			isa = XCVersionGroup;
			children = (
				94C3732119CE324A00D8D516 /* EAClient.xcdatamodel */,
			);
			currentVersion = 94C3732119CE324A00D8D516 /* EAClient.xcdatamodel */;
			path = EAClient.xcdatamodeld;
			sourceTree = "<group>";
			versionGroupType = wrapper.xcdatamodel;
		};
/* End XCVersionGroup section */
	};
	rootObject = 94C3730119CE324A00D8D516 /* Project object */;
}
